PODS:
  - Flutter (1.0.0)
  - flutter_location_settings (0.0.1):
    - Flutter

DEPENDENCIES:
  - Flutter (from `.symlinks/flutter/ios`)
  - flutter_location_settings (from `.symlinks/plugins/flutter_location_settings/ios`)

EXTERNAL SOURCES:
  Flutter:
    :path: ".symlinks/flutter/ios"
  flutter_location_settings:
    :path: ".symlinks/plugins/flutter_location_settings/ios"

SPEC CHECKSUMS:
  Flutter: 9d0fac939486c9aba2809b7982dfdbb47a7b0296
  flutter_location_settings: 39476f7dc618d99f19f9339f7fd49e18a35297da

PODFILE CHECKSUM: ebd43b443038e611b86ede96e613bd6033c49497

COCOAPODS: 1.5.3
